
Microsoft Visual Studio Solution File, Format Version 12.00
# Visual Studio 14
VisualStudioVersion = 14.0.23107.0
MinimumVisualStudioVersion = 10.0.40219.1
Project("{FAE04EC0-301F-11D3-BF4B-00C04F79EFBC}") = "projectKyzs", "projectKyzs\projectKyzs.csproj", "{BA48C463-C6E5-458F-81D3-6E047AA43877}"
EndProject
Project("{FAE04EC0-301F-11D3-BF4B-00C04F79EFBC}") = "projectKyzs.Tests", "projectKyzs.Tests\projectKyzs.Tests.csproj", "{7536257F-BD9C-46D4-9098-ECD0AE5C5BE6}"
EndProject
Project("{FAE04EC0-301F-11D3-BF4B-00C04F79EFBC}") = "DAL2", "DAL2\DAL2.csproj", "{F3EF7159-064E-4359-9409-A54B3F293A0C}"
EndProject
Global
	GlobalSection(SolutionConfigurationPlatforms) = preSolution
		Debug|Any CPU = Debug|Any CPU
		Release|Any CPU = Release|Any CPU
	EndGlobalSection
	GlobalSection(ProjectConfigurationPlatforms) = postSolution
		{BA48C463-C6E5-458F-81D3-6E047AA43877}.Debug|Any CPU.ActiveCfg = Debug|Any CPU
		{BA48C463-C6E5-458F-81D3-6E047AA43877}.Debug|Any CPU.Build.0 = Debug|Any CPU
		{BA48C463-C6E5-458F-81D3-6E047AA43877}.Release|Any CPU.ActiveCfg = Release|Any CPU
		{BA48C463-C6E5-458F-81D3-6E047AA43877}.Release|Any CPU.Build.0 = Release|Any CPU
		{7536257F-BD9C-46D4-9098-ECD0AE5C5BE6}.Debug|Any CPU.ActiveCfg = Debug|Any CPU
		{7536257F-BD9C-46D4-9098-ECD0AE5C5BE6}.Debug|Any CPU.Build.0 = Debug|Any CPU
		{7536257F-BD9C-46D4-9098-ECD0AE5C5BE6}.Release|Any CPU.ActiveCfg = Release|Any CPU
		{7536257F-BD9C-46D4-9098-ECD0AE5C5BE6}.Release|Any CPU.Build.0 = Release|Any CPU
		{F3EF7159-064E-4359-9409-A54B3F293A0C}.Debug|Any CPU.ActiveCfg = Debug|Any CPU
		{F3EF7159-064E-4359-9409-A54B3F293A0C}.Debug|Any CPU.Build.0 = Debug|Any CPU
		{F3EF7159-064E-4359-9409-A54B3F293A0C}.Release|Any CPU.ActiveCfg = Release|Any CPU
		{F3EF7159-064E-4359-9409-A54B3F293A0C}.Release|Any CPU.Build.0 = Release|Any CPU
	EndGlobalSection
	GlobalSection(SolutionProperties) = preSolution
		HideSolutionNode = FALSE
	EndGlobalSection
EndGlobal
